
Microsoft Visual Studio Solution File, Format Version 12.00
# Visual Studio Version 17
VisualStudioVersion = 17.13.35825.156 d17.13
MinimumVisualStudioVersion = 10.0.40219.1
Project("{FAE04EC0-301F-11D3-BF4B-00C04F79EFBC}") = "UnitTest", "UnitTest\UnitTest.csproj", "{02527DD2-B5A2-4C56-874E-464CFE1DEABF}"
EndProject
Global
	GlobalSection(SolutionConfigurationPlatforms) = preSolution
		Debug|Any CPU = Debug|Any CPU
		Release|Any CPU = Release|Any CPU
	EndGlobalSection
	GlobalSection(ProjectConfigurationPlatforms) = postSolution
		{02527DD2-B5A2-4C56-874E-464CFE1DEABF}.Debug|Any CPU.ActiveCfg = Debug|Any CPU
		{02527DD2-B5A2-4C56-874E-464CFE1DEABF}.Debug|Any CPU.Build.0 = Debug|Any CPU
		{02527DD2-B5A2-4C56-874E-464CFE1DEABF}.Release|Any CPU.ActiveCfg = Release|Any CPU
		{02527DD2-B5A2-4C56-874E-464CFE1DEABF}.Release|Any CPU.Build.0 = Release|Any CPU
	EndGlobalSection
	GlobalSection(SolutionProperties) = preSolution
		HideSolutionNode = FALSE
	EndGlobalSection
	GlobalSection(ExtensibilityGlobals) = postSolution
		SolutionGuid = {43A91068-B187-4265-8DD4-995DA2F3DD59}
	EndGlobalSection
EndGlobal
